<?xml version="1.0" encoding="utf-8"?>
<Project ToolsVersion="15.0" xmlns="http://schemas.microsoft.com/developer/msbuild/2003">
  <ItemGroup>
    <ClCompile Include="C:\ASPiK_1.7.2\ALL_SDK\myprojects\DiodeClip\project_source\source\PluginKernel\pluginbase.cpp">
      <Filter>PluginKernel</Filter>
    </ClCompile>
    <ClCompile Include="C:\ASPiK_1.7.2\ALL_SDK\myprojects\DiodeClip\project_source\source\PluginKernel\plugincore.cpp">
      <Filter>PluginKernel</Filter>
    </ClCompile>
    <ClCompile Include="C:\ASPiK_1.7.2\ALL_SDK\myprojects\DiodeClip\project_source\source\PluginKernel\plugingui.cpp">
      <Filter>PluginKernel</Filter>
    </ClCompile>
    <ClCompile Include="C:\ASPiK_1.7.2\ALL_SDK\myprojects\DiodeClip\project_source\source\PluginKernel\pluginparameter.cpp">
      <Filter>PluginKernel</Filter>
    </ClCompile>
    <ClCompile Include="C:\ASPiK_1.7.2\ALL_SDK\myprojects\DiodeClip\project_source\source\vst_source\factory.cpp">
      <Filter>VST3Core</Filter>
    </ClCompile>
    <ClCompile Include="C:\ASPiK_1.7.2\ALL_SDK\myprojects\DiodeClip\project_source\source\vst_source\customparameters.cpp">
      <Filter>VST3Core</Filter>
    </ClCompile>
    <ClCompile Include="C:\ASPiK_1.7.2\ALL_SDK\myprojects\DiodeClip\project_source\source\vst_source\vst3plugin.cpp">
      <Filter>VST3Core</Filter>
    </ClCompile>
    <ClCompile Include="C:\ASPiK_1.7.2\ALL_SDK\myprojects\DiodeClip\project_source\source\CustomControls\customcontrols.cpp">
      <Filter>CustomVSTGUI</Filter>
    </ClCompile>
    <ClCompile Include="C:\ASPiK_1.7.2\ALL_SDK\myprojects\DiodeClip\project_source\source\CustomControls\customviews.cpp">
      <Filter>CustomVSTGUI</Filter>
    </ClCompile>
    <ClCompile Include="C:\ASPiK_1.7.2\ALL_SDK\VST_SDK\VST3_SDK\public.sdk\source\vst\vstsinglecomponenteffect.cpp">
      <Filter>VST3SDK</Filter>
    </ClCompile>
    <ClCompile Include="C:\ASPiK_1.7.2\ALL_SDK\VST_SDK\VST3_SDK\public.sdk\source\main\dllmain.cpp">
      <Filter>Source Files</Filter>
    </ClCompile>
    <ClCompile Include="..\..\..\..\project_source\source\PluginObjects\iir\Biquad.cpp">
      <Filter>PluginObjects\iir</Filter>
    </ClCompile>
    <ClCompile Include="..\..\..\..\project_source\source\PluginObjects\iir\Butterworth.cpp">
      <Filter>PluginObjects\iir</Filter>
    </ClCompile>
    <ClCompile Include="..\..\..\..\project_source\source\PluginObjects\iir\Cascade.cpp">
      <Filter>PluginObjects\iir</Filter>
    </ClCompile>
    <ClCompile Include="..\..\..\..\project_source\source\PluginObjects\iir\ChebyshevI.cpp">
      <Filter>PluginObjects\iir</Filter>
    </ClCompile>
    <ClCompile Include="..\..\..\..\project_source\source\PluginObjects\iir\ChebyshevII.cpp">
      <Filter>PluginObjects\iir</Filter>
    </ClCompile>
    <ClCompile Include="..\..\..\..\project_source\source\PluginObjects\iir\Custom.cpp">
      <Filter>PluginObjects\iir</Filter>
    </ClCompile>
    <ClCompile Include="..\..\..\..\project_source\source\PluginObjects\iir\PoleFilter.cpp">
      <Filter>PluginObjects\iir</Filter>
    </ClCompile>
    <ClCompile Include="..\..\..\..\project_source\source\PluginObjects\iir\RBJ.cpp">
      <Filter>PluginObjects\iir</Filter>
    </ClCompile>
    <ClCompile Include="..\..\..\..\project_source\source\PluginObjects\fxobjects.cpp">
      <Filter>PluginObjects</Filter>
    </ClCompile>
  </ItemGroup>
  <ItemGroup>
    <ClInclude Include="C:\ASPiK_1.7.2\ALL_SDK\myprojects\DiodeClip\project_source\source\PluginKernel\guiconstants.h">
      <Filter>PluginKernel</Filter>
    </ClInclude>
    <ClInclude Include="C:\ASPiK_1.7.2\ALL_SDK\myprojects\DiodeClip\project_source\source\PluginKernel\pluginbase.h">
      <Filter>PluginKernel</Filter>
    </ClInclude>
    <ClInclude Include="C:\ASPiK_1.7.2\ALL_SDK\myprojects\DiodeClip\project_source\source\PluginKernel\plugincore.h">
      <Filter>PluginKernel</Filter>
    </ClInclude>
    <ClInclude Include="C:\ASPiK_1.7.2\ALL_SDK\myprojects\DiodeClip\project_source\source\PluginKernel\plugindescription.h">
      <Filter>PluginKernel</Filter>
    </ClInclude>
    <ClInclude Include="C:\ASPiK_1.7.2\ALL_SDK\myprojects\DiodeClip\project_source\source\PluginKernel\plugingui.h">
      <Filter>PluginKernel</Filter>
    </ClInclude>
    <ClInclude Include="C:\ASPiK_1.7.2\ALL_SDK\myprojects\DiodeClip\project_source\source\PluginKernel\pluginparameter.h">
      <Filter>PluginKernel</Filter>
    </ClInclude>
    <ClInclude Include="C:\ASPiK_1.7.2\ALL_SDK\myprojects\DiodeClip\project_source\source\PluginKernel\pluginstructures.h">
      <Filter>PluginKernel</Filter>
    </ClInclude>
    <ClInclude Include="C:\ASPiK_1.7.2\ALL_SDK\myprojects\DiodeClip\project_source\source\vst_source\customparameters.h">
      <Filter>VST3Core</Filter>
    </ClInclude>
    <ClInclude Include="C:\ASPiK_1.7.2\ALL_SDK\myprojects\DiodeClip\project_source\source\vst_source\channelformats.h">
      <Filter>VST3Core</Filter>
    </ClInclude>
    <ClInclude Include="C:\ASPiK_1.7.2\ALL_SDK\myprojects\DiodeClip\project_source\source\vst_source\vst3plugin.h">
      <Filter>VST3Core</Filter>
    </ClInclude>
    <ClInclude Include="C:\ASPiK_1.7.2\ALL_SDK\myprojects\DiodeClip\project_source\source\CustomControls\atomicops.h">
      <Filter>CustomVSTGUI</Filter>
    </ClInclude>
    <ClInclude Include="C:\ASPiK_1.7.2\ALL_SDK\myprojects\DiodeClip\project_source\source\CustomControls\customcontrols.h">
      <Filter>CustomVSTGUI</Filter>
    </ClInclude>
    <ClInclude Include="C:\ASPiK_1.7.2\ALL_SDK\myprojects\DiodeClip\project_source\source\CustomControls\readerwriterqueue.h">
      <Filter>CustomVSTGUI</Filter>
    </ClInclude>
    <ClInclude Include="C:\ASPiK_1.7.2\ALL_SDK\myprojects\DiodeClip\project_source\source\CustomControls\customviews.h">
      <Filter>CustomVSTGUI</Filter>
    </ClInclude>
    <ClInclude Include="C:\ASPiK_1.7.2\ALL_SDK\VST_SDK\VST3_SDK\public.sdk\source\vst\vstsinglecomponenteffect.h">
      <Filter>VST3SDK</Filter>
    </ClInclude>
    <ClInclude Include="..\..\..\..\project_source\source\PluginObjects\Iir.h">
      <Filter>PluginObjects</Filter>
    </ClInclude>
    <ClInclude Include="..\..\..\..\project_source\source\PluginObjects\iir\Biquad.h">
      <Filter>PluginObjects\iir</Filter>
    </ClInclude>
    <ClInclude Include="..\..\..\..\project_source\source\PluginObjects\iir\Butterworth.h">
      <Filter>PluginObjects\iir</Filter>
    </ClInclude>
    <ClInclude Include="..\..\..\..\project_source\source\PluginObjects\iir\Cascade.h">
      <Filter>PluginObjects\iir</Filter>
    </ClInclude>
    <ClInclude Include="..\..\..\..\project_source\source\PluginObjects\iir\ChebyshevI.h">
      <Filter>PluginObjects\iir</Filter>
    </ClInclude>
    <ClInclude Include="..\..\..\..\project_source\source\PluginObjects\iir\ChebyshevII.h">
      <Filter>PluginObjects\iir</Filter>
    </ClInclude>
    <ClInclude Include="..\..\..\..\project_source\source\PluginObjects\iir\Common.h">
      <Filter>PluginObjects\iir</Filter>
    </ClInclude>
    <ClInclude Include="..\..\..\..\project_source\source\PluginObjects\iir\Custom.h">
      <Filter>PluginObjects\iir</Filter>
    </ClInclude>
    <ClInclude Include="..\..\..\..\project_source\source\PluginObjects\iir\Layout.h">
      <Filter>PluginObjects\iir</Filter>
    </ClInclude>
    <ClInclude Include="..\..\..\..\project_source\source\PluginObjects\iir\MathSupplement.h">
      <Filter>PluginObjects\iir</Filter>
    </ClInclude>
    <ClInclude Include="..\..\..\..\project_source\source\PluginObjects\iir\PoleFilter.h">
      <Filter>PluginObjects\iir</Filter>
    </ClInclude>
    <ClInclude Include="..\..\..\..\project_source\source\PluginObjects\iir\RBJ.h">
      <Filter>PluginObjects\iir</Filter>
    </ClInclude>
    <ClInclude Include="..\..\..\..\project_source\source\PluginObjects\iir\State.h">
      <Filter>PluginObjects\iir</Filter>
    </ClInclude>
    <ClInclude Include="..\..\..\..\project_source\source\PluginObjects\iir\Types.h">
      <Filter>PluginObjects\iir</Filter>
    </ClInclude>
    <ClInclude Include="..\..\..\..\project_source\source\PluginObjects\rchundenormal.h">
      <Filter>PluginObjects</Filter>
    </ClInclude>
    <ClInclude Include="..\..\..\..\project_source\source\PluginObjects\fxobjects.h">
      <Filter>PluginObjects</Filter>
    </ClInclude>
    <ClInclude Include="..\..\..\..\project_source\source\PluginObjects\filters.h">
      <Filter>PluginObjects</Filter>
    </ClInclude>
  </ItemGroup>
  <ItemGroup>
    <CustomBuild Include="C:\ASPiK_1.7.2\ALL_SDK\myprojects\DiodeClip\project_source\cmake\vst_cmake\CMakeLists.txt" />
  </ItemGroup>
  <ItemGroup>
    <None Include="C:\ASPiK_1.7.2\ALL_SDK\myprojects\DiodeClip\project_source\resources\PluginGUI.uidesc" />
  </ItemGroup>
  <ItemGroup>
    <ResourceCompile Include="C:\ASPiK_1.7.2\ALL_SDK\myprojects\DiodeClip\project_source\win\vst\PluginGUIMain.rc">
      <Filter>Source Files</Filter>
    </ResourceCompile>
  </ItemGroup>
  <ItemGroup>
    <Filter Include="CustomVSTGUI">
      <UniqueIdentifier>{EEF214D5-C46F-378A-BBCB-B3EB0C243EB8}</UniqueIdentifier>
    </Filter>
    <Filter Include="PluginKernel">
      <UniqueIdentifier>{9410F246-3A02-372E-B2B9-EF4F41818BCE}</UniqueIdentifier>
    </Filter>
    <Filter Include="Source Files">
      <UniqueIdentifier>{9706FF94-E0BF-3E61-B2E8-EB8B8E0F931B}</UniqueIdentifier>
    </Filter>
    <Filter Include="VST3Core">
      <UniqueIdentifier>{36BA5619-AC52-3060-9D36-2F0630B8ACCB}</UniqueIdentifier>
    </Filter>
    <Filter Include="VST3SDK">
      <UniqueIdentifier>{F0F0F9B4-8925-31FD-93FE-D5FE72BF7AF1}</UniqueIdentifier>
    </Filter>
    <Filter Include="PluginObjects">
      <UniqueIdentifier>{371377c4-4c98-4107-820f-e49e893f1a95}</UniqueIdentifier>
    </Filter>
    <Filter Include="PluginObjects\iir">
      <UniqueIdentifier>{6e7be2ab-0472-457e-81aa-62a879b9d812}</UniqueIdentifier>
    </Filter>
  </ItemGroup>
</Project>